{
  "name": "project2",
  "version": "1.0.0",
  "lockfileVersion": 1,
  "requires": true,
  "dependencies": {
    "rsvp": {
      "version": "4.8.3",
      "resolved": "https://registry.npmjs.org/rsvp/-/rsvp-4.8.3.tgz",
      "integrity": "sha512-/OlbK31XtkPnLD2ktmZXj4g/v6q1boTDr6/3lFuDTgxVsrA3h7PH5eYyAxIvDMjRHr/DoOlzNicqDwBEo9xU7g=="
    }
  }
}
